{
  "name": "modularization-example",
  "version": "1.0.0",
  "lockfileVersion": 2,
  "requires": true,
  "packages": {
    "": {
      "name": "modularization-example",
      "version": "1.0.0",
      "license": "ISC",
      "dependencies": {
        "vue-i18n": "^8.22.2"
      },
      "devDependencies": {
        "@dcloudio/types": "^2.0.20"
      }
    },
    "node_modules/@dcloudio/types": {
      "version": "2.2.1",
      "resolved": "https://registry.npmjs.org/@dcloudio/types/-/types-2.2.1.tgz",
      "integrity": "sha512-17wYGL+r8CrxluNUcCEndkwFVrnG0z5/47pASSdoYAyHbhu6cfyxDN9tUlualQrk2U0QdohGZO4LeEm1CuUHmw==",
      "dev": true
    },
    "node_modules/vue-i18n": {
      "version": "8.24.3",
      "resolved": "https://registry.npmjs.org/vue-i18n/-/vue-i18n-8.24.3.tgz",
      "integrity": "sha512-uKAYzGbwGIJndY7JwhQwIGi1uyvErWkBfFwooOtjcNnIfMbAR49ad5dT/MiykrJ9pCcgvnocFjFsNLtTzyW+rg=="
    }
  },
  "dependencies": {
    "@dcloudio/types": {
      "version": "2.2.1",
      "resolved": "https://registry.npmjs.org/@dcloudio/types/-/types-2.2.1.tgz",
      "integrity": "sha512-17wYGL+r8CrxluNUcCEndkwFVrnG0z5/47pASSdoYAyHbhu6cfyxDN9tUlualQrk2U0QdohGZO4LeEm1CuUHmw==",
      "dev": true
    },
    "vue-i18n": {
      "version": "8.24.3",
      "resolved": "https://registry.npmjs.org/vue-i18n/-/vue-i18n-8.24.3.tgz",
      "integrity": "sha512-uKAYzGbwGIJndY7JwhQwIGi1uyvErWkBfFwooOtjcNnIfMbAR49ad5dT/MiykrJ9pCcgvnocFjFsNLtTzyW+rg=="
    }
  }
}
